PODS:
  - FBAEMKit (16.1.2):
    - FBSDKCoreKit_Basics (= 16.1.2)
  - FBSDKCoreKit (16.1.2):
    - FBAEMKit (= 16.1.2)
    - FBSDKCoreKit_Basics (= 16.1.2)
  - FBSDKCoreKit_Basics (16.1.2)
  - FBSDKLoginKit (16.1.2):
    - FBSDKCoreKit (= 16.1.2)
  - FBSDKShareKit (16.1.2):
    - FBSDKCoreKit (= 16.1.2)
  - SwiftSoup (2.6.1)

DEPENDENCIES:
  - FBSDKCoreKit
  - FBSDKLoginKit
  - FBSDKShareKit
  - SwiftSoup

SPEC REPOS:
  trunk:
    - FBAEMKit
    - FBSDKCoreKit
    - FBSDKCoreKit_Basics
    - FBSDKLoginKit
    - FBSDKShareKit
    - SwiftSoup

SPEC CHECKSUMS:
  FBAEMKit: 1d6160f527eef3e5cc18c28e6afc7f1168d86332
  FBSDKCoreKit: 05ec20fc0fd61dc4e14cc6905360ca976ff4c9e1
  FBSDKCoreKit_Basics: c95336ffe7299dac5224e8e6154154f52917f20d
  FBSDKLoginKit: 7cee95a08136391cab5175a11c8e85af56f86ace
  FBSDKShareKit: f151a3d98971621b9a6e3896811e46d3c212984a
  SwiftSoup: 5dd2c1b06afc964f30d99894af6ede22ede627aa

PODFILE CHECKSUM: 3f924f8d3e7b8e40463d7cde5b884e7447669d48

COCOAPODS: 1.12.1
